
Microsoft Visual Studio Solution File, Format Version 12.00
# Visual Studio Version 17
VisualStudioVersion = 17.7.34024.191
MinimumVisualStudioVersion = 10.0.40219.1
Project("{9A19103F-16F7-4668-BE54-9A1E7A4F7556}") = "TrabajoIngegrador", "TrabajoIngegrador\TrabajoIngegrador.csproj", "{F8BE2CB3-656A-4F80-9E9C-503A8DA2E436}"
EndProject
Project("{9A19103F-16F7-4668-BE54-9A1E7A4F7556}") = "Entidades", "Entidades\Entidades.csproj", "{1CC68833-503B-4D18-A4E8-C986ACCC50E5}"
EndProject
Global
	GlobalSection(SolutionConfigurationPlatforms) = preSolution
		Debug|Any CPU = Debug|Any CPU
		Release|Any CPU = Release|Any CPU
	EndGlobalSection
	GlobalSection(ProjectConfigurationPlatforms) = postSolution
		{F8BE2CB3-656A-4F80-9E9C-503A8DA2E436}.Debug|Any CPU.ActiveCfg = Debug|Any CPU
		{F8BE2CB3-656A-4F80-9E9C-503A8DA2E436}.Debug|Any CPU.Build.0 = Debug|Any CPU
		{F8BE2CB3-656A-4F80-9E9C-503A8DA2E436}.Release|Any CPU.ActiveCfg = Release|Any CPU
		{F8BE2CB3-656A-4F80-9E9C-503A8DA2E436}.Release|Any CPU.Build.0 = Release|Any CPU
		{1CC68833-503B-4D18-A4E8-C986ACCC50E5}.Debug|Any CPU.ActiveCfg = Debug|Any CPU
		{1CC68833-503B-4D18-A4E8-C986ACCC50E5}.Debug|Any CPU.Build.0 = Debug|Any CPU
		{1CC68833-503B-4D18-A4E8-C986ACCC50E5}.Release|Any CPU.ActiveCfg = Release|Any CPU
		{1CC68833-503B-4D18-A4E8-C986ACCC50E5}.Release|Any CPU.Build.0 = Release|Any CPU
	EndGlobalSection
	GlobalSection(SolutionProperties) = preSolution
		HideSolutionNode = FALSE
	EndGlobalSection
	GlobalSection(ExtensibilityGlobals) = postSolution
		SolutionGuid = {8D2720DF-8DA9-4913-8BAC-B32DDBCC26FF}
	EndGlobalSection
EndGlobal
